// !$*UTF8*$!
{
	archiveVersion = 1;
	classes = {
	};
	objectVersion = 50;
	objects = {

/* Begin PBXBuildFile section */
		2D1252F624A1C0D700781BD2 /* AppDelegate.swift in Sources */ = {isa = PBXBuildFile; fileRef = 2D1252F524A1C0D700781BD2 /* AppDelegate.swift */; };
		2D1252F824A1C0D700781BD2 /* SceneDelegate.swift in Sources */ = {isa = PBXBuildFile; fileRef = 2D1252F724A1C0D700781BD2 /* SceneDelegate.swift */; };
		2D1252FA24A1C0D700781BD2 /* ViewController.swift in Sources */ = {isa = PBXBuildFile; fileRef = 2D1252F924A1C0D700781BD2 /* ViewController.swift */; };
		2D1252FD24A1C0D700781BD2 /* Main.storyboard in Resources */ = {isa = PBXBuildFile; fileRef = 2D1252FB24A1C0D700781BD2 /* Main.storyboard */; };
		2D1252FF24A1C0DC00781BD2 /* Assets.xcassets in Resources */ = {isa = PBXBuildFile; fileRef = 2D1252FE24A1C0DC00781BD2 /* Assets.xcassets */; };
		2D12530224A1C0DC00781BD2 /* LaunchScreen.storyboard in Resources */ = {isa = PBXBuildFile; fileRef = 2D12530024A1C0DC00781BD2 /* LaunchScreen.storyboard */; };
		2D12530B24A1D14500781BD2 /* WebKit.framework in Frameworks */ = {isa = PBXBuildFile; fileRef = 2D12530A24A1D14500781BD2 /* WebKit.framework */; };
		2D12530D24A1D56800781BD2 /* ErrorMessageViewController.swift in Sources */ = {isa = PBXBuildFile; fileRef = 2D12530C24A1D56800781BD2 /* ErrorMessageViewController.swift */; };
		2D12531124A1E35500781BD2 /* Stopwatch.swift in Sources */ = {isa = PBXBuildFile; fileRef = 2D12531024A1E35500781BD2 /* Stopwatch.swift */; };
/* End PBXBuildFile section */

/* Begin PBXFileReference section */
		2D1252F224A1C0D700781BD2 /* BlockTheTube.app */ = {isa = PBXFileReference; explicitFileType = wrapper.application; includeInIndex = 0; path = BlockTheTube.app; sourceTree = BUILT_PRODUCTS_DIR; };
		2D1252F524A1C0D700781BD2 /* AppDelegate.swift */ = {isa = PBXFileReference; lastKnownFileType = sourcecode.swift; path = AppDelegate.swift; sourceTree = "<group>"; };
		2D1252F724A1C0D700781BD2 /* SceneDelegate.swift */ = {isa = PBXFileReference; lastKnownFileType = sourcecode.swift; path = SceneDelegate.swift; sourceTree = "<group>"; };
		2D1252F924A1C0D700781BD2 /* ViewController.swift */ = {isa = PBXFileReference; lastKnownFileType = sourcecode.swift; path = ViewController.swift; sourceTree = "<group>"; };
		2D1252FC24A1C0D700781BD2 /* Base */ = {isa = PBXFileReference; lastKnownFileType = file.storyboard; name = Base; path = Base.lproj/Main.storyboard; sourceTree = "<group>"; };
		2D1252FE24A1C0DC00781BD2 /* Assets.xcassets */ = {isa = PBXFileReference; lastKnownFileType = folder.assetcatalog; path = Assets.xcassets; sourceTree = "<group>"; };
		2D12530124A1C0DC00781BD2 /* Base */ = {isa = PBXFileReference; lastKnownFileType = file.storyboard; name = Base; path = Base.lproj/LaunchScreen.storyboard; sourceTree = "<group>"; };
		2D12530324A1C0DC00781BD2 /* Info.plist */ = {isa = PBXFileReference; lastKnownFileType = text.plist.xml; path = Info.plist; sourceTree = "<group>"; };
		2D12530A24A1D14500781BD2 /* WebKit.framework */ = {isa = PBXFileReference; lastKnownFileType = wrapper.framework; name = WebKit.framework; path = System/Library/Frameworks/WebKit.framework; sourceTree = SDKROOT; };
		2D12530C24A1D56800781BD2 /* ErrorMessageViewController.swift */ = {isa = PBXFileReference; lastKnownFileType = sourcecode.swift; path = ErrorMessageViewController.swift; sourceTree = "<group>"; };
		2D12531024A1E35500781BD2 /* Stopwatch.swift */ = {isa = PBXFileReference; lastKnownFileType = sourcecode.swift; path = Stopwatch.swift; sourceTree = "<group>"; };
/* End PBXFileReference section */

/* Begin PBXFrameworksBuildPhase section */
		2D1252EF24A1C0D700781BD2 /* Frameworks */ = {
			isa = PBXFrameworksBuildPhase;
			buildActionMask = 2147483647;
			files = (
				2D12530B24A1D14500781BD2 /* WebKit.framework in Frameworks */,
			);
			runOnlyForDeploymentPostprocessing = 0;
		};
/* End PBXFrameworksBuildPhase section */

/* Begin PBXGroup section */
		2D1252E924A1C0D700781BD2 = {
			isa = PBXGroup;
			children = (
				2D1252F424A1C0D700781BD2 /* BlockTheTube */,
				2D1252F324A1C0D700781BD2 /* Products */,
				2D12530924A1D14400781BD2 /* Frameworks */,
			);
			sourceTree = "<group>";
		};
		2D1252F324A1C0D700781BD2 /* Products */ = {
			isa = PBXGroup;
			children = (
				2D1252F224A1C0D700781BD2 /* BlockTheTube.app */,
			);
			name = Products;
			sourceTree = "<group>";
		};
		2D1252F424A1C0D700781BD2 /* BlockTheTube */ = {
			isa = PBXGroup;
			children = (
				2D1252F524A1C0D700781BD2 /* AppDelegate.swift */,
				2D1252F724A1C0D700781BD2 /* SceneDelegate.swift */,
				2D12531224A1E87100781BD2 /* Model */,
				2D12530E24A1DC0800781BD2 /* View */,
				2D12530F24A1DC1600781BD2 /* Controller */,
				2D1252FE24A1C0DC00781BD2 /* Assets.xcassets */,
				2D12530024A1C0DC00781BD2 /* LaunchScreen.storyboard */,
				2D12530324A1C0DC00781BD2 /* Info.plist */,
			);
			path = BlockTheTube;
			sourceTree = "<group>";
		};
		2D12530924A1D14400781BD2 /* Frameworks */ = {
			isa = PBXGroup;
			children = (
				2D12530A24A1D14500781BD2 /* WebKit.framework */,
			);
			name = Frameworks;
			sourceTree = "<group>";
		};
		2D12530E24A1DC0800781BD2 /* View */ = {
			isa = PBXGroup;
			children = (
				2D1252FB24A1C0D700781BD2 /* Main.storyboard */,
			);
			path = View;
			sourceTree = "<group>";
		};
		2D12530F24A1DC1600781BD2 /* Controller */ = {
			isa = PBXGroup;
			children = (
				2D1252F924A1C0D700781BD2 /* ViewController.swift */,
				2D12530C24A1D56800781BD2 /* ErrorMessageViewController.swift */,
			);
			path = Controller;
			sourceTree = "<group>";
		};
		2D12531224A1E87100781BD2 /* Model */ = {
			isa = PBXGroup;
			children = (
				2D12531024A1E35500781BD2 /* Stopwatch.swift */,
			);
			path = Model;
			sourceTree = "<group>";
		};
/* End PBXGroup section */

/* Begin PBXNativeTarget section */
		2D1252F124A1C0D700781BD2 /* BlockTheTube */ = {
			isa = PBXNativeTarget;
			buildConfigurationList = 2D12530624A1C0DC00781BD2 /* Build configuration list for PBXNativeTarget "BlockTheTube" */;
			buildPhases = (
				2D1252EE24A1C0D700781BD2 /* Sources */,
				2D1252EF24A1C0D700781BD2 /* Frameworks */,
				2D1252F024A1C0D700781BD2 /* Resources */,
			);
			buildRules = (
			);
			dependencies = (
			);
			name = BlockTheTube;
			productName = BlockTheTube;
			productReference = 2D1252F224A1C0D700781BD2 /* BlockTheTube.app */;
			productType = "com.apple.product-type.application";
		};
/* End PBXNativeTarget section */

/* Begin PBXProject section */
		2D1252EA24A1C0D700781BD2 /* Project object */ = {
			isa = PBXProject;
			attributes = {
				LastSwiftUpdateCheck = 1150;
				LastUpgradeCheck = 1150;
				ORGANIZATIONNAME = "Ramya Seshagiri";
				TargetAttributes = {
					2D1252F124A1C0D700781BD2 = {
						CreatedOnToolsVersion = 11.5;
					};
				};
			};
			buildConfigurationList = 2D1252ED24A1C0D700781BD2 /* Build configuration list for PBXProject "BlockTheTube" */;
			compatibilityVersion = "Xcode 9.3";
			developmentRegion = en;
			hasScannedForEncodings = 0;
			knownRegions = (
				en,
				Base,
			);
			mainGroup = 2D1252E924A1C0D700781BD2;
			productRefGroup = 2D1252F324A1C0D700781BD2 /* Products */;
			projectDirPath = "";
			projectRoot = "";
			targets = (
				2D1252F124A1C0D700781BD2 /* BlockTheTube */,
			);
		};
/* End PBXProject section */

/* Begin PBXResourcesBuildPhase section */
		2D1252F024A1C0D700781BD2 /* Resources */ = {
			isa = PBXResourcesBuildPhase;
			buildActionMask = 2147483647;
			files = (
				2D12530224A1C0DC00781BD2 /* LaunchScreen.storyboard in Resources */,
				2D1252FF24A1C0DC00781BD2 /* Assets.xcassets in Resources */,
				2D1252FD24A1C0D700781BD2 /* Main.storyboard in Resources */,
			);
			runOnlyForDeploymentPostprocessing = 0;
		};
/* End PBXResourcesBuildPhase section */

/* Begin PBXSourcesBuildPhase section */
		2D1252EE24A1C0D700781BD2 /* Sources */ = {
			isa = PBXSourcesBuildPhase;
			buildActionMask = 2147483647;
			files = (
				2D1252FA24A1C0D700781BD2 /* ViewController.swift in Sources */,
				2D1252F624A1C0D700781BD2 /* AppDelegate.swift in Sources */,
				2D12531124A1E35500781BD2 /* Stopwatch.swift in Sources */,
				2D12530D24A1D56800781BD2 /* ErrorMessageViewController.swift in Sources */,
				2D1252F824A1C0D700781BD2 /* SceneDelegate.swift in Sources */,
			);
			runOnlyForDeploymentPostprocessing = 0;
		};
/* End PBXSourcesBuildPhase section */

/* Begin PBXVariantGroup section */
		2D1252FB24A1C0D700781BD2 /* Main.storyboard */ = {
			isa = PBXVariantGroup;
			children = (
				2D1252FC24A1C0D700781BD2 /* Base */,
			);
			name = Main.storyboard;
			sourceTree = "<group>";
		};
		2D12530024A1C0DC00781BD2 /* LaunchScreen.storyboard */ = {
			isa = PBXVariantGroup;
			children = (
				2D12530124A1C0DC00781BD2 /* Base */,
			);
			name = LaunchScreen.storyboard;
			sourceTree = "<group>";
		};
/* End PBXVariantGroup section */

/* Begin XCBuildConfiguration section */
		2D12530424A1C0DC00781BD2 /* Debug */ = {
			isa = XCBuildConfiguration;
			buildSettings = {
				ALWAYS_SEARCH_USER_PATHS = NO;
				CLANG_ANALYZER_NONNULL = YES;
				CLANG_ANALYZER_NUMBER_OBJECT_CONVERSION = YES_AGGRESSIVE;
				CLANG_CXX_LANGUAGE_STANDARD = "gnu++14";
				CLANG_CXX_LIBRARY = "libc++";
				CLANG_ENABLE_MODULES = YES;
				CLANG_ENABLE_OBJC_ARC = YES;
				CLANG_ENABLE_OBJC_WEAK = YES;
				CLANG_WARN_BLOCK_CAPTURE_AUTORELEASING = YES;
				CLANG_WARN_BOOL_CONVERSION = YES;
				CLANG_WARN_COMMA = YES;
				CLANG_WARN_CONSTANT_CONVERSION = YES;
				CLANG_WARN_DEPRECATED_OBJC_IMPLEMENTATIONS = YES;
				CLANG_WARN_DIRECT_OBJC_ISA_USAGE = YES_ERROR;
				CLANG_WARN_DOCUMENTATION_COMMENTS = YES;
				CLANG_WARN_EMPTY_BODY = YES;
				CLANG_WARN_ENUM_CONVERSION = YES;
				CLANG_WARN_INFINITE_RECURSION = YES;
				CLANG_WARN_INT_CONVERSION = YES;
				CLANG_WARN_NON_LITERAL_NULL_CONVERSION = YES;
				CLANG_WARN_OBJC_IMPLICIT_RETAIN_SELF = YES;
				CLANG_WARN_OBJC_LITERAL_CONVERSION = YES;
				CLANG_WARN_OBJC_ROOT_CLASS = YES_ERROR;
				CLANG_WARN_RANGE_LOOP_ANALYSIS = YES;
				CLANG_WARN_STRICT_PROTOTYPES = YES;
				CLANG_WARN_SUSPICIOUS_MOVE = YES;
				CLANG_WARN_UNGUARDED_AVAILABILITY = YES_AGGRESSIVE;
				CLANG_WARN_UNREACHABLE_CODE = YES;
				CLANG_WARN__DUPLICATE_METHOD_MATCH = YES;
				COPY_PHASE_STRIP = NO;
				DEBUG_INFORMATION_FORMAT = dwarf;
				ENABLE_STRICT_OBJC_MSGSEND = YES;
				ENABLE_TESTABILITY = YES;
				GCC_C_LANGUAGE_STANDARD = gnu11;
				GCC_DYNAMIC_NO_PIC = NO;
				GCC_NO_COMMON_BLOCKS = YES;
				GCC_OPTIMIZATION_LEVEL = 0;
				GCC_PREPROCESSOR_DEFINITIONS = (
					"DEBUG=1",
					"$(inherited)",
				);
				GCC_WARN_64_TO_32_BIT_CONVERSION = YES;
				GCC_WARN_ABOUT_RETURN_TYPE = YES_ERROR;
				GCC_WARN_UNDECLARED_SELECTOR = YES;
				GCC_WARN_UNINITIALIZED_AUTOS = YES_AGGRESSIVE;
				GCC_WARN_UNUSED_FUNCTION = YES;
				GCC_WARN_UNUSED_VARIABLE = YES;
				IPHONEOS_DEPLOYMENT_TARGET = 13.5;
				MTL_ENABLE_DEBUG_INFO = INCLUDE_SOURCE;
				MTL_FAST_MATH = YES;
				ONLY_ACTIVE_ARCH = YES;
				SDKROOT = iphoneos;
				SWIFT_ACTIVE_COMPILATION_CONDITIONS = DEBUG;
				SWIFT_OPTIMIZATION_LEVEL = "-Onone";
			};
			name = Debug;
		};
		2D12530524A1C0DC00781BD2 /* Release */ = {
			isa = XCBuildConfiguration;
			buildSettings = {
				ALWAYS_SEARCH_USER_PATHS = NO;
				CLANG_ANALYZER_NONNULL = YES;
				CLANG_ANALYZER_NUMBER_OBJECT_CONVERSION = YES_AGGRESSIVE;
				CLANG_CXX_LANGUAGE_STANDARD = "gnu++14";
				CLANG_CXX_LIBRARY = "libc++";
				CLANG_ENABLE_MODULES = YES;
				CLANG_ENABLE_OBJC_ARC = YES;
				CLANG_ENABLE_OBJC_WEAK = YES;
				CLANG_WARN_BLOCK_CAPTURE_AUTORELEASING = YES;
				CLANG_WARN_BOOL_CONVERSION = YES;
				CLANG_WARN_COMMA = YES;
				CLANG_WARN_CONSTANT_CONVERSION = YES;
				CLANG_WARN_DEPRECATED_OBJC_IMPLEMENTATIONS = YES;
				CLANG_WARN_DIRECT_OBJC_ISA_USAGE = YES_ERROR;
				CLANG_WARN_DOCUMENTATION_COMMENTS = YES;
				CLANG_WARN_EMPTY_BODY = YES;
				CLANG_WARN_ENUM_CONVERSION = YES;
				CLANG_WARN_INFINITE_RECURSION = YES;
				CLANG_WARN_INT_CONVERSION = YES;
				CLANG_WARN_NON_LITERAL_NULL_CONVERSION = YES;
				CLANG_WARN_OBJC_IMPLICIT_RETAIN_SELF = YES;
				CLANG_WARN_OBJC_LITERAL_CONVERSION = YES;
				CLANG_WARN_OBJC_ROOT_CLASS = YES_ERROR;
				CLANG_WARN_RANGE_LOOP_ANALYSIS = YES;
				CLANG_WARN_STRICT_PROTOTYPES = YES;
				CLANG_WARN_SUSPICIOUS_MOVE = YES;
				CLANG_WARN_UNGUARDED_AVAILABILITY = YES_AGGRESSIVE;
				CLANG_WARN_UNREACHABLE_CODE = YES;
				CLANG_WARN__DUPLICATE_METHOD_MATCH = YES;
				COPY_PHASE_STRIP = NO;
				DEBUG_INFORMATION_FORMAT = "dwarf-with-dsym";
				ENABLE_NS_ASSERTIONS = NO;
				ENABLE_STRICT_OBJC_MSGSEND = YES;
				GCC_C_LANGUAGE_STANDARD = gnu11;
				GCC_NO_COMMON_BLOCKS = YES;
				GCC_WARN_64_TO_32_BIT_CONVERSION = YES;
				GCC_WARN_ABOUT_RETURN_TYPE = YES_ERROR;
				GCC_WARN_UNDECLARED_SELECTOR = YES;
				GCC_WARN_UNINITIALIZED_AUTOS = YES_AGGRESSIVE;
				GCC_WARN_UNUSED_FUNCTION = YES;
				GCC_WARN_UNUSED_VARIABLE = YES;
				IPHONEOS_DEPLOYMENT_TARGET = 13.5;
				MTL_ENABLE_DEBUG_INFO = NO;
				MTL_FAST_MATH = YES;
				SDKROOT = iphoneos;
				SWIFT_COMPILATION_MODE = wholemodule;
				SWIFT_OPTIMIZATION_LEVEL = "-O";
				VALIDATE_PRODUCT = YES;
			};
			name = Release;
		};
		2D12530724A1C0DC00781BD2 /* Debug */ = {
			isa = XCBuildConfiguration;
			buildSettings = {
				ASSETCATALOG_COMPILER_APPICON_NAME = AppIcon;
				CODE_SIGN_STYLE = Automatic;
				DEVELOPMENT_TEAM = 42GPR649QW;
				INFOPLIST_FILE = BlockTheTube/Info.plist;
				LD_RUNPATH_SEARCH_PATHS = (
					"$(inherited)",
					"@executable_path/Frameworks",
				);
				PRODUCT_BUNDLE_IDENTIFIER = ramya.ers.BlockTheTube;
				PRODUCT_NAME = "$(TARGET_NAME)";
				SWIFT_VERSION = 5.0;
				TARGETED_DEVICE_FAMILY = "1,2";
			};
			name = Debug;
		};
		2D12530824A1C0DC00781BD2 /* Release */ = {
			isa = XCBuildConfiguration;
			buildSettings = {
				ASSETCATALOG_COMPILER_APPICON_NAME = AppIcon;
				CODE_SIGN_STYLE = Automatic;
				DEVELOPMENT_TEAM = 42GPR649QW;
				INFOPLIST_FILE = BlockTheTube/Info.plist;
				LD_RUNPATH_SEARCH_PATHS = (
					"$(inherited)",
					"@executable_path/Frameworks",
				);
				PRODUCT_BUNDLE_IDENTIFIER = ramya.ers.BlockTheTube;
				PRODUCT_NAME = "$(TARGET_NAME)";
				SWIFT_VERSION = 5.0;
				TARGETED_DEVICE_FAMILY = "1,2";
			};
			name = Release;
		};
/* End XCBuildConfiguration section */

/* Begin XCConfigurationList section */
		2D1252ED24A1C0D700781BD2 /* Build configuration list for PBXProject "BlockTheTube" */ = {
			isa = XCConfigurationList;
			buildConfigurations = (
				2D12530424A1C0DC00781BD2 /* Debug */,
				2D12530524A1C0DC00781BD2 /* Release */,
			);
			defaultConfigurationIsVisible = 0;
			defaultConfigurationName = Release;
		};
		2D12530624A1C0DC00781BD2 /* Build configuration list for PBXNativeTarget "BlockTheTube" */ = {
			isa = XCConfigurationList;
			buildConfigurations = (
				2D12530724A1C0DC00781BD2 /* Debug */,
				2D12530824A1C0DC00781BD2 /* Release */,
			);
			defaultConfigurationIsVisible = 0;
			defaultConfigurationName = Release;
		};
/* End XCConfigurationList section */
	};
	rootObject = 2D1252EA24A1C0D700781BD2 /* Project object */;
}
